
Microsoft Visual Studio Solution File, Format Version 12.00
# Visual Studio Version 17
VisualStudioVersion = 17.13.35931.197 d17.13
MinimumVisualStudioVersion = 10.0.40219.1
Project("{FAE04EC0-301F-11D3-BF4B-00C04F79EFBC}") = "RegistroDeHospitales", "RegistroDeHospitales\RegistroDeHospitales.csproj", "{E6BB957A-15F6-4054-95C7-10ED9709433E}"
EndProject
Global
	GlobalSection(SolutionConfigurationPlatforms) = preSolution
		Debug|Any CPU = Debug|Any CPU
		Release|Any CPU = Release|Any CPU
	EndGlobalSection
	GlobalSection(ProjectConfigurationPlatforms) = postSolution
		{E6BB957A-15F6-4054-95C7-10ED9709433E}.Debug|Any CPU.ActiveCfg = Debug|Any CPU
		{E6BB957A-15F6-4054-95C7-10ED9709433E}.Debug|Any CPU.Build.0 = Debug|Any CPU
		{E6BB957A-15F6-4054-95C7-10ED9709433E}.Release|Any CPU.ActiveCfg = Release|Any CPU
		{E6BB957A-15F6-4054-95C7-10ED9709433E}.Release|Any CPU.Build.0 = Release|Any CPU
	EndGlobalSection
	GlobalSection(SolutionProperties) = preSolution
		HideSolutionNode = FALSE
	EndGlobalSection
	GlobalSection(ExtensibilityGlobals) = postSolution
		SolutionGuid = {4231D34B-8399-40F4-AD6F-F4173F2C6534}
	EndGlobalSection
EndGlobal
